
Microsoft Visual Studio Solution File, Format Version 12.00
Project("{FAE04EC0-301F-11D3-BF4B-00C04F79EFBC}") = "JaegerTester", "JaegerTester\JaegerTester.csproj", "{C7E33B56-4D2B-4756-8018-69DEF6282453}"
EndProject
Global
	GlobalSection(SolutionConfigurationPlatforms) = preSolution
		Debug|Any CPU = Debug|Any CPU
		Release|Any CPU = Release|Any CPU
	EndGlobalSection
	GlobalSection(ProjectConfigurationPlatforms) = postSolution
		{C7E33B56-4D2B-4756-8018-69DEF6282453}.Debug|Any CPU.ActiveCfg = Debug|Any CPU
		{C7E33B56-4D2B-4756-8018-69DEF6282453}.Debug|Any CPU.Build.0 = Debug|Any CPU
		{C7E33B56-4D2B-4756-8018-69DEF6282453}.Release|Any CPU.ActiveCfg = Release|Any CPU
		{C7E33B56-4D2B-4756-8018-69DEF6282453}.Release|Any CPU.Build.0 = Release|Any CPU
	EndGlobalSection
EndGlobal
